<?xml version="1.0" encoding="utf-8"?>
<Project ToolsVersion="4.0" xmlns="http://schemas.microsoft.com/developer/msbuild/2003">
  <ItemGroup>
    <Filter Include="Source Files">
      <UniqueIdentifier>{4FC737F1-C7A5-4376-A066-2A32D752A2FF}</UniqueIdentifier>
      <Extensions>cpp;c;cc;cxx;c++;cppm;ixx;def;odl;idl;hpj;bat;asm;asmx</Extensions>
    </Filter>
    <Filter Include="Header Files">
      <UniqueIdentifier>{93995380-89BD-4b04-88EB-625FBE52EBFB}</UniqueIdentifier>
      <Extensions>h;hh;hpp;hxx;h++;hm;inl;inc;ipp;xsd</Extensions>
    </Filter>
  </ItemGroup>
  <ItemGroup>
    <ClCompile Include="main.cpp">
      <Filter>Source Files</Filter>
    </ClCompile>
    <ClCompile Include="PhysmemReadWrite.cpp">
      <Filter>Source Files</Filter>
    </ClCompile>
    <ClCompile Include="SymbolResolver.cpp">
      <Filter>Source Files</Filter>
    </ClCompile>
    <ClCompile Include="NtoskrnlStructs.cpp">
      <Filter>Source Files</Filter>
    </ClCompile>
    <ClCompile Include="superfetch.cpp">
      <Filter>Source Files</Filter>
    </ClCompile>
    <ClCompile Include="KernelReadWrite.cpp">
      <Filter>Source Files</Filter>
    </ClCompile>
    <ClCompile Include="GadgetDiscovery.cpp">
      <Filter>Source Files</Filter>
    </ClCompile>
    <ClCompile Include="GadgetChaining.cpp">
      <Filter>Source Files</Filter>
    </ClCompile>
    <ClCompile Include="WindowsVersion.cpp">
      <Filter>Source Files</Filter>
    </ClCompile>
    <ClCompile Include="Offsets.cpp">
      <Filter>Source Files</Filter>
    </ClCompile>
    <ClCompile Include="MinidumpWriter.cpp">
      <Filter>Source Files</Filter>
    </ClCompile>
    <ClCompile Include="RawDumpConverter.cpp">
      <Filter>Source Files</Filter>
    </ClCompile>
    <ClCompile Include="RwFactory.cpp">
      <Filter>Source Files</Filter>
    </ClCompile>
    <ClCompile Include="EtwDisable.cpp">
      <Filter>Source Files</Filter>
    </ClCompile>
  </ItemGroup>
  <ItemGroup>
    <ClInclude Include="KernelReadWrite.h">
      <Filter>Header Files</Filter>
    </ClInclude>
    <ClInclude Include="PhysmemReadWrite.h">
      <Filter>Header Files</Filter>
    </ClInclude>
    <ClInclude Include="SymbolResolver.hpp">
      <Filter>Header Files</Filter>
    </ClInclude>
    <ClInclude Include="NtoskrnlStructs.hpp">
      <Filter>Header Files</Filter>
    </ClInclude>
    <ClInclude Include="superfetch.h">
      <Filter>Header Files</Filter>
    </ClInclude>
    <ClInclude Include="ntshim.h">
      <Filter>Header Files</Filter>
    </ClInclude>
    <ClInclude Include="loadup.h">
      <Filter>Header Files</Filter>
    </ClInclude>
    <ClInclude Include="GadgetDiscovery.h">
      <Filter>Header Files</Filter>
    </ClInclude>
    <ClInclude Include="GadgetChaining.h">
      <Filter>Header Files</Filter>
    </ClInclude>
    <ClInclude Include="WindowsVersion.h">
      <Filter>Header Files</Filter>
    </ClInclude>
    <ClInclude Include="Offsets.h">
      <Filter>Header Files</Filter>
    </ClInclude>
    <ClInclude Include="resource.h">
      <Filter>Header Files</Filter>
    </ClInclude>
    <ClInclude Include="MinidumpWriter.h">
      <Filter>Header Files</Filter>
    </ClInclude>
    <ClInclude Include="RawDumpConverter.h">
      <Filter>Header Files</Filter>
    </ClInclude>
    <ClInclude Include="BackendConfig.h">
      <Filter>Header Files</Filter>
    </ClInclude>
    <ClInclude Include="NullReadWrite.h">
      <Filter>Header Files</Filter>
    </ClInclude>
    <ClInclude Include="RwFactory.h">
      <Filter>Header Files</Filter>
    </ClInclude>
    <ClInclude Include="EtwDisable.h">
      <Filter>Header Files</Filter>
    </ClInclude>
  </ItemGroup>
  <ItemGroup>
    <Manifest Include="app.manifest" />
  </ItemGroup>
  <ItemGroup>
    <None Include="dbghelp.dll">
      <Filter>Resource Files</Filter>
    </None>
    <None Include="symsrv.dll">
      <Filter>Resource Files</Filter>
    </None>
  </ItemGroup>
</Project>
